
Microsoft Visual Studio Solution File, Format Version 12.00
# Visual Studio Version 17
VisualStudioVersion = 17.4.33110.190
MinimumVisualStudioVersion = 10.0.40219.1
Project("{FAE04EC0-301F-11D3-BF4B-00C04F79EFBC}") = "RemoveDuplicatesFromSortedArray", "RemoveDuplicatesFromSortedArray\RemoveDuplicatesFromSortedArray.csproj", "{A533398D-F63C-4E69-94B2-6D09B8F1C767}"
EndProject
Global
	GlobalSection(SolutionConfigurationPlatforms) = preSolution
		Debug|Any CPU = Debug|Any CPU
		Release|Any CPU = Release|Any CPU
	EndGlobalSection
	GlobalSection(ProjectConfigurationPlatforms) = postSolution
		{A533398D-F63C-4E69-94B2-6D09B8F1C767}.Debug|Any CPU.ActiveCfg = Debug|Any CPU
		{A533398D-F63C-4E69-94B2-6D09B8F1C767}.Debug|Any CPU.Build.0 = Debug|Any CPU
		{A533398D-F63C-4E69-94B2-6D09B8F1C767}.Release|Any CPU.ActiveCfg = Release|Any CPU
		{A533398D-F63C-4E69-94B2-6D09B8F1C767}.Release|Any CPU.Build.0 = Release|Any CPU
	EndGlobalSection
	GlobalSection(SolutionProperties) = preSolution
		HideSolutionNode = FALSE
	EndGlobalSection
	GlobalSection(ExtensibilityGlobals) = postSolution
		SolutionGuid = {DADC0C0A-024B-4DAF-8112-8192B5D103E8}
	EndGlobalSection
EndGlobal
